PODS:
  - shared (1.1)
  - SwifterSwift/SwiftStdlib (5.2.0)

DEPENDENCIES:
  - shared (from `../shared/`)
  - SwifterSwift/SwiftStdlib (~> 5.2.0)

SPEC REPOS:
  trunk:
    - SwifterSwift

EXTERNAL SOURCES:
  shared:
    :path: "../shared/"

SPEC CHECKSUMS:
  shared: 65fe35d4f6b45d928b59427bca1405c37d1e8ba5
  SwifterSwift: 334181863c416882d97b7a60c05054d9e4d799e2

PODFILE CHECKSUM: e40728863082dad8310bfbc0f70264f036b77b5f

COCOAPODS: 1.8.4
